
Microsoft Visual Studio Solution File, Format Version 12.00
# Visual Studio Version 17
VisualStudioVersion = 17.3.32929.385
MinimumVisualStudioVersion = 10.0.40219.1
Project("{FAE04EC0-301F-11D3-BF4B-00C04F79EFBC}") = "MQTTSubscriberTest", "MQTTSubscriberTest\MQTTSubscriberTest.csproj", "{B4AB911C-E308-45BC-8211-9356BD118C1C}"
EndProject
Global
	GlobalSection(SolutionConfigurationPlatforms) = preSolution
		Debug|Any CPU = Debug|Any CPU
		Release|Any CPU = Release|Any CPU
	EndGlobalSection
	GlobalSection(ProjectConfigurationPlatforms) = postSolution
		{B4AB911C-E308-45BC-8211-9356BD118C1C}.Debug|Any CPU.ActiveCfg = Debug|Any CPU
		{B4AB911C-E308-45BC-8211-9356BD118C1C}.Debug|Any CPU.Build.0 = Debug|Any CPU
		{B4AB911C-E308-45BC-8211-9356BD118C1C}.Release|Any CPU.ActiveCfg = Release|Any CPU
		{B4AB911C-E308-45BC-8211-9356BD118C1C}.Release|Any CPU.Build.0 = Release|Any CPU
	EndGlobalSection
	GlobalSection(SolutionProperties) = preSolution
		HideSolutionNode = FALSE
	EndGlobalSection
	GlobalSection(ExtensibilityGlobals) = postSolution
		SolutionGuid = {E26ABF66-A187-42BC-B490-BD5CCE064052}
	EndGlobalSection
EndGlobal
